
Microsoft Visual Studio Solution File, Format Version 12.00
# Visual Studio Version 16
VisualStudioVersion = 16.0.32228.343
MinimumVisualStudioVersion = 10.0.40219.1
Project("{FAE04EC0-301F-11D3-BF4B-00C04F79EFBC}") = "Entities", "Entities\Entities.csproj", "{D6361679-5526-4C72-BA53-800180CB1770}"
EndProject
Project("{FAE04EC0-301F-11D3-BF4B-00C04F79EFBC}") = "Business", "Business\Business.csproj", "{5B4B3AA9-F908-47FE-9F49-509AE06CBE1F}"
EndProject
Project("{FAE04EC0-301F-11D3-BF4B-00C04F79EFBC}") = "Core", "Core\Core.csproj", "{48505603-21CC-477C-9605-A5EBA806CC55}"
EndProject
Project("{FAE04EC0-301F-11D3-BF4B-00C04F79EFBC}") = "DataAccess", "DataAccess\DataAccess.csproj", "{686FBE14-BD24-4E71-BDCB-74BD90CAA40D}"
EndProject
Global
	GlobalSection(SolutionConfigurationPlatforms) = preSolution
		Debug|Any CPU = Debug|Any CPU
		Release|Any CPU = Release|Any CPU
	EndGlobalSection
	GlobalSection(ProjectConfigurationPlatforms) = postSolution
		{D6361679-5526-4C72-BA53-800180CB1770}.Debug|Any CPU.ActiveCfg = Debug|Any CPU
		{D6361679-5526-4C72-BA53-800180CB1770}.Debug|Any CPU.Build.0 = Debug|Any CPU
		{D6361679-5526-4C72-BA53-800180CB1770}.Release|Any CPU.ActiveCfg = Release|Any CPU
		{D6361679-5526-4C72-BA53-800180CB1770}.Release|Any CPU.Build.0 = Release|Any CPU
		{5B4B3AA9-F908-47FE-9F49-509AE06CBE1F}.Debug|Any CPU.ActiveCfg = Debug|Any CPU
		{5B4B3AA9-F908-47FE-9F49-509AE06CBE1F}.Debug|Any CPU.Build.0 = Debug|Any CPU
		{5B4B3AA9-F908-47FE-9F49-509AE06CBE1F}.Release|Any CPU.ActiveCfg = Release|Any CPU
		{5B4B3AA9-F908-47FE-9F49-509AE06CBE1F}.Release|Any CPU.Build.0 = Release|Any CPU
		{48505603-21CC-477C-9605-A5EBA806CC55}.Debug|Any CPU.ActiveCfg = Debug|Any CPU
		{48505603-21CC-477C-9605-A5EBA806CC55}.Debug|Any CPU.Build.0 = Debug|Any CPU
		{48505603-21CC-477C-9605-A5EBA806CC55}.Release|Any CPU.ActiveCfg = Release|Any CPU
		{48505603-21CC-477C-9605-A5EBA806CC55}.Release|Any CPU.Build.0 = Release|Any CPU
		{686FBE14-BD24-4E71-BDCB-74BD90CAA40D}.Debug|Any CPU.ActiveCfg = Debug|Any CPU
		{686FBE14-BD24-4E71-BDCB-74BD90CAA40D}.Debug|Any CPU.Build.0 = Debug|Any CPU
		{686FBE14-BD24-4E71-BDCB-74BD90CAA40D}.Release|Any CPU.ActiveCfg = Release|Any CPU
		{686FBE14-BD24-4E71-BDCB-74BD90CAA40D}.Release|Any CPU.Build.0 = Release|Any CPU
	EndGlobalSection
	GlobalSection(SolutionProperties) = preSolution
		HideSolutionNode = FALSE
	EndGlobalSection
	GlobalSection(ExtensibilityGlobals) = postSolution
		SolutionGuid = {6AC784BA-463F-45D0-818D-47DC887C472A}
	EndGlobalSection
EndGlobal
